{
    "name": "rethinkdb",
    "version": "2.5.0",
    "lockfileVersion": 2,
    "requires": true,
    "packages": {
        "": {
            "name": "rethinkdb",
            "version": "2.5.0",
            "license": "Apache-2.0",
            "dependencies": {
                "bluebird": "2.9.32"
            },
            "devDependencies": {
                "coffeescript": "1.10.0"
            },
            "engines": {
                "node": ">= 0.10.0"
            }
        },
        "node_modules/bluebird": {
            "version": "2.9.32",
            "resolved": "https://registry.npmjs.org/bluebird/-/bluebird-2.9.32.tgz",
            "integrity": "sha1-eEWq8oITV1lbpriLD1ZcFLplgOw="
        },
        "node_modules/coffeescript": {
            "version": "1.10.0",
            "resolved": "https://registry.npmjs.org/coffeescript/-/coffeescript-1.10.0.tgz",
            "integrity": "sha1-56qDAZF+9iGzXYo580jc3R234z4=",
            "dev": true,
            "bin": {
                "cake": "bin/cake",
                "coffee": "bin/coffee"
            },
            "engines": {
                "node": ">=0.8.0"
            }
        }
    },
    "dependencies": {
        "bluebird": {
            "version": "2.9.32",
            "resolved": "https://registry.npmjs.org/bluebird/-/bluebird-2.9.32.tgz",
            "integrity": "sha1-eEWq8oITV1lbpriLD1ZcFLplgOw="
        },
        "coffeescript": {
            "version": "1.10.0",
            "resolved": "https://registry.npmjs.org/coffeescript/-/coffeescript-1.10.0.tgz",
            "integrity": "sha1-56qDAZF+9iGzXYo580jc3R234z4=",
            "dev": true
        }
    }
}
